// !$*UTF8*$!
{
	archiveVersion = 1;
	classes = {
	};
	objectVersion = 46;
	objects = {

/* Begin PBXBuildFile section */
		7873AE1C6766CD558D936C53 /* Pods_RxTest.framework in Frameworks */ = {isa = PBXBuildFile; fileRef = ECB5C9CB9BE443F23591848F /* Pods_RxTest.framework */; };
		BBCE03FA1EA7EFA000163D9F /* AppDelegate.swift in Sources */ = {isa = PBXBuildFile; fileRef = BBCE03F91EA7EFA000163D9F /* AppDelegate.swift */; };
		BBCE03FC1EA7EFA000163D9F /* ViewController.swift in Sources */ = {isa = PBXBuildFile; fileRef = BBCE03FB1EA7EFA000163D9F /* ViewController.swift */; };
		BBCE03FF1EA7EFA000163D9F /* Main.storyboard in Resources */ = {isa = PBXBuildFile; fileRef = BBCE03FD1EA7EFA000163D9F /* Main.storyboard */; };
		BBCE04011EA7EFA000163D9F /* Assets.xcassets in Resources */ = {isa = PBXBuildFile; fileRef = BBCE04001EA7EFA000163D9F /* Assets.xcassets */; };
		BBCE04041EA7EFA000163D9F /* LaunchScreen.storyboard in Resources */ = {isa = PBXBuildFile; fileRef = BBCE04021EA7EFA000163D9F /* LaunchScreen.storyboard */; };
/* End PBXBuildFile section */

/* Begin PBXFileReference section */
		170C032A402576D92CF6DF74 /* Pods-RxTest.debug.xcconfig */ = {isa = PBXFileReference; includeInIndex = 1; lastKnownFileType = text.xcconfig; name = "Pods-RxTest.debug.xcconfig"; path = "Pods/Target Support Files/Pods-RxTest/Pods-RxTest.debug.xcconfig"; sourceTree = "<group>"; };
		2D496DF5B7C913CD312553AA /* Pods-RxTest.release.xcconfig */ = {isa = PBXFileReference; includeInIndex = 1; lastKnownFileType = text.xcconfig; name = "Pods-RxTest.release.xcconfig"; path = "Pods/Target Support Files/Pods-RxTest/Pods-RxTest.release.xcconfig"; sourceTree = "<group>"; };
		BBCE03F61EA7EFA000163D9F /* RxTest.app */ = {isa = PBXFileReference; explicitFileType = wrapper.application; includeInIndex = 0; path = RxTest.app; sourceTree = BUILT_PRODUCTS_DIR; };
		BBCE03F91EA7EFA000163D9F /* AppDelegate.swift */ = {isa = PBXFileReference; lastKnownFileType = sourcecode.swift; path = AppDelegate.swift; sourceTree = "<group>"; };
		BBCE03FB1EA7EFA000163D9F /* ViewController.swift */ = {isa = PBXFileReference; lastKnownFileType = sourcecode.swift; path = ViewController.swift; sourceTree = "<group>"; };
		BBCE03FE1EA7EFA000163D9F /* Base */ = {isa = PBXFileReference; lastKnownFileType = file.storyboard; name = Base; path = Base.lproj/Main.storyboard; sourceTree = "<group>"; };
		BBCE04001EA7EFA000163D9F /* Assets.xcassets */ = {isa = PBXFileReference; lastKnownFileType = folder.assetcatalog; path = Assets.xcassets; sourceTree = "<group>"; };
		BBCE04031EA7EFA000163D9F /* Base */ = {isa = PBXFileReference; lastKnownFileType = file.storyboard; name = Base; path = Base.lproj/LaunchScreen.storyboard; sourceTree = "<group>"; };
		BBCE04051EA7EFA000163D9F /* Info.plist */ = {isa = PBXFileReference; lastKnownFileType = text.plist.xml; path = Info.plist; sourceTree = "<group>"; };
		ECB5C9CB9BE443F23591848F /* Pods_RxTest.framework */ = {isa = PBXFileReference; explicitFileType = wrapper.framework; includeInIndex = 0; path = Pods_RxTest.framework; sourceTree = BUILT_PRODUCTS_DIR; };
/* End PBXFileReference section */

/* Begin PBXFrameworksBuildPhase section */
		BBCE03F31EA7EFA000163D9F /* Frameworks */ = {
			isa = PBXFrameworksBuildPhase;
			buildActionMask = 2147483647;
			files = (
				7873AE1C6766CD558D936C53 /* Pods_RxTest.framework in Frameworks */,
			);
			runOnlyForDeploymentPostprocessing = 0;
		};
/* End PBXFrameworksBuildPhase section */

/* Begin PBXGroup section */
		378456CA77BC6C81BB5580FF /* Pods */ = {
			isa = PBXGroup;
			children = (
				170C032A402576D92CF6DF74 /* Pods-RxTest.debug.xcconfig */,
				2D496DF5B7C913CD312553AA /* Pods-RxTest.release.xcconfig */,
			);
			name = Pods;
			sourceTree = "<group>";
		};
		BBCE03ED1EA7EFA000163D9F = {
			isa = PBXGroup;
			children = (
				BBCE03F81EA7EFA000163D9F /* RxTest */,
				BBCE03F71EA7EFA000163D9F /* Products */,
				378456CA77BC6C81BB5580FF /* Pods */,
				F5897293DB80ECF9A98CC2DD /* Frameworks */,
			);
			sourceTree = "<group>";
		};
		BBCE03F71EA7EFA000163D9F /* Products */ = {
			isa = PBXGroup;
			children = (
				BBCE03F61EA7EFA000163D9F /* RxTest.app */,
			);
			name = Products;
			sourceTree = "<group>";
		};
		BBCE03F81EA7EFA000163D9F /* RxTest */ = {
			isa = PBXGroup;
			children = (
				BBCE03F91EA7EFA000163D9F /* AppDelegate.swift */,
				BBCE03FB1EA7EFA000163D9F /* ViewController.swift */,
				BBCE03FD1EA7EFA000163D9F /* Main.storyboard */,
				BBCE04001EA7EFA000163D9F /* Assets.xcassets */,
				BBCE04021EA7EFA000163D9F /* LaunchScreen.storyboard */,
				BBCE04051EA7EFA000163D9F /* Info.plist */,
			);
			path = RxTest;
			sourceTree = "<group>";
		};
		F5897293DB80ECF9A98CC2DD /* Frameworks */ = {
			isa = PBXGroup;
			children = (
				ECB5C9CB9BE443F23591848F /* Pods_RxTest.framework */,
			);
			name = Frameworks;
			sourceTree = "<group>";
		};
/* End PBXGroup section */

/* Begin PBXNativeTarget section */
		BBCE03F51EA7EFA000163D9F /* RxTest */ = {
			isa = PBXNativeTarget;
			buildConfigurationList = BBCE04081EA7EFA000163D9F /* Build configuration list for PBXNativeTarget "RxTest" */;
			buildPhases = (
				FE563C1D8120421B81860598 /* [CP] Check Pods Manifest.lock */,
				BBCE03F21EA7EFA000163D9F /* Sources */,
				BBCE03F31EA7EFA000163D9F /* Frameworks */,
				BBCE03F41EA7EFA000163D9F /* Resources */,
				C3569889231C457C92B73260 /* [CP] Embed Pods Frameworks */,
				75FC69DF650683E94D42FB74 /* [CP] Copy Pods Resources */,
			);
			buildRules = (
			);
			dependencies = (
			);
			name = RxTest;
			productName = RxTest;
			productReference = BBCE03F61EA7EFA000163D9F /* RxTest.app */;
			productType = "com.apple.product-type.application";
		};
/* End PBXNativeTarget section */

/* Begin PBXProject section */
		BBCE03EE1EA7EFA000163D9F /* Project object */ = {
			isa = PBXProject;
			attributes = {
				LastSwiftUpdateCheck = 0830;
				LastUpgradeCheck = 0830;
				ORGANIZATIONNAME = "Ivens Denner";
				TargetAttributes = {
					BBCE03F51EA7EFA000163D9F = {
						CreatedOnToolsVersion = 8.3.2;
						DevelopmentTeam = 3DXVVRFL39;
						ProvisioningStyle = Automatic;
					};
				};
			};
			buildConfigurationList = BBCE03F11EA7EFA000163D9F /* Build configuration list for PBXProject "RxTest" */;
			compatibilityVersion = "Xcode 3.2";
			developmentRegion = English;
			hasScannedForEncodings = 0;
			knownRegions = (
				en,
				Base,
			);
			mainGroup = BBCE03ED1EA7EFA000163D9F;
			productRefGroup = BBCE03F71EA7EFA000163D9F /* Products */;
			projectDirPath = "";
			projectRoot = "";
			targets = (
				BBCE03F51EA7EFA000163D9F /* RxTest */,
			);
		};
/* End PBXProject section */

/* Begin PBXResourcesBuildPhase section */
		BBCE03F41EA7EFA000163D9F /* Resources */ = {
			isa = PBXResourcesBuildPhase;
			buildActionMask = 2147483647;
			files = (
				BBCE04041EA7EFA000163D9F /* LaunchScreen.storyboard in Resources */,
				BBCE04011EA7EFA000163D9F /* Assets.xcassets in Resources */,
				BBCE03FF1EA7EFA000163D9F /* Main.storyboard in Resources */,
			);
			runOnlyForDeploymentPostprocessing = 0;
		};
/* End PBXResourcesBuildPhase section */

/* Begin PBXShellScriptBuildPhase section */
		75FC69DF650683E94D42FB74 /* [CP] Copy Pods Resources */ = {
			isa = PBXShellScriptBuildPhase;
			buildActionMask = 2147483647;
			files = (
			);
			inputPaths = (
			);
			name = "[CP] Copy Pods Resources";
			outputPaths = (
			);
			runOnlyForDeploymentPostprocessing = 0;
			shellPath = /bin/sh;
			shellScript = "\"${SRCROOT}/Pods/Target Support Files/Pods-RxTest/Pods-RxTest-resources.sh\"\n";
			showEnvVarsInLog = 0;
		};
		C3569889231C457C92B73260 /* [CP] Embed Pods Frameworks */ = {
			isa = PBXShellScriptBuildPhase;
			buildActionMask = 2147483647;
			files = (
			);
			inputPaths = (
			);
			name = "[CP] Embed Pods Frameworks";
			outputPaths = (
			);
			runOnlyForDeploymentPostprocessing = 0;
			shellPath = /bin/sh;
			shellScript = "\"${SRCROOT}/Pods/Target Support Files/Pods-RxTest/Pods-RxTest-frameworks.sh\"\n";
			showEnvVarsInLog = 0;
		};
		FE563C1D8120421B81860598 /* [CP] Check Pods Manifest.lock */ = {
			isa = PBXShellScriptBuildPhase;
			buildActionMask = 2147483647;
			files = (
			);
			inputPaths = (
			);
			name = "[CP] Check Pods Manifest.lock";
			outputPaths = (
			);
			runOnlyForDeploymentPostprocessing = 0;
			shellPath = /bin/sh;
			shellScript = "diff \"${PODS_ROOT}/../Podfile.lock\" \"${PODS_ROOT}/Manifest.lock\" > /dev/null\nif [ $? != 0 ] ; then\n    # print error to STDERR\n    echo \"error: The sandbox is not in sync with the Podfile.lock. Run 'pod install' or update your CocoaPods installation.\" >&2\n    exit 1\nfi\n";
			showEnvVarsInLog = 0;
		};
/* End PBXShellScriptBuildPhase section */

/* Begin PBXSourcesBuildPhase section */
		BBCE03F21EA7EFA000163D9F /* Sources */ = {
			isa = PBXSourcesBuildPhase;
			buildActionMask = 2147483647;
			files = (
				BBCE03FC1EA7EFA000163D9F /* ViewController.swift in Sources */,
				BBCE03FA1EA7EFA000163D9F /* AppDelegate.swift in Sources */,
			);
			runOnlyForDeploymentPostprocessing = 0;
		};
/* End PBXSourcesBuildPhase section */

/* Begin PBXVariantGroup section */
		BBCE03FD1EA7EFA000163D9F /* Main.storyboard */ = {
			isa = PBXVariantGroup;
			children = (
				BBCE03FE1EA7EFA000163D9F /* Base */,
			);
			name = Main.storyboard;
			sourceTree = "<group>";
		};
		BBCE04021EA7EFA000163D9F /* LaunchScreen.storyboard */ = {
			isa = PBXVariantGroup;
			children = (
				BBCE04031EA7EFA000163D9F /* Base */,
			);
			name = LaunchScreen.storyboard;
			sourceTree = "<group>";
		};
/* End PBXVariantGroup section */

/* Begin XCBuildConfiguration section */
		BBCE04061EA7EFA000163D9F /* Debug */ = {
			isa = XCBuildConfiguration;
			buildSettings = {
				ALWAYS_SEARCH_USER_PATHS = NO;
				CLANG_ANALYZER_NONNULL = YES;
				CLANG_ANALYZER_NUMBER_OBJECT_CONVERSION = YES_AGGRESSIVE;
				CLANG_CXX_LANGUAGE_STANDARD = "gnu++0x";
				CLANG_CXX_LIBRARY = "libc++";
				CLANG_ENABLE_MODULES = YES;
				CLANG_ENABLE_OBJC_ARC = YES;
				CLANG_WARN_BOOL_CONVERSION = YES;
				CLANG_WARN_CONSTANT_CONVERSION = YES;
				CLANG_WARN_DIRECT_OBJC_ISA_USAGE = YES_ERROR;
				CLANG_WARN_DOCUMENTATION_COMMENTS = YES;
				CLANG_WARN_EMPTY_BODY = YES;
				CLANG_WARN_ENUM_CONVERSION = YES;
				CLANG_WARN_INFINITE_RECURSION = YES;
				CLANG_WARN_INT_CONVERSION = YES;
				CLANG_WARN_OBJC_ROOT_CLASS = YES_ERROR;
				CLANG_WARN_SUSPICIOUS_MOVE = YES;
				CLANG_WARN_UNREACHABLE_CODE = YES;
				CLANG_WARN__DUPLICATE_METHOD_MATCH = YES;
				"CODE_SIGN_IDENTITY[sdk=iphoneos*]" = "iPhone Developer";
				COPY_PHASE_STRIP = NO;
				DEBUG_INFORMATION_FORMAT = dwarf;
				ENABLE_STRICT_OBJC_MSGSEND = YES;
				ENABLE_TESTABILITY = YES;
				GCC_C_LANGUAGE_STANDARD = gnu99;
				GCC_DYNAMIC_NO_PIC = NO;
				GCC_NO_COMMON_BLOCKS = YES;
				GCC_OPTIMIZATION_LEVEL = 0;
				GCC_PREPROCESSOR_DEFINITIONS = (
					"DEBUG=1",
					"$(inherited)",
				);
				GCC_WARN_64_TO_32_BIT_CONVERSION = YES;
				GCC_WARN_ABOUT_RETURN_TYPE = YES_ERROR;
				GCC_WARN_UNDECLARED_SELECTOR = YES;
				GCC_WARN_UNINITIALIZED_AUTOS = YES_AGGRESSIVE;
				GCC_WARN_UNUSED_FUNCTION = YES;
				GCC_WARN_UNUSED_VARIABLE = YES;
				IPHONEOS_DEPLOYMENT_TARGET = 10.3;
				MTL_ENABLE_DEBUG_INFO = YES;
				ONLY_ACTIVE_ARCH = YES;
				SDKROOT = iphoneos;
				SWIFT_ACTIVE_COMPILATION_CONDITIONS = DEBUG;
				SWIFT_OPTIMIZATION_LEVEL = "-Onone";
				TARGETED_DEVICE_FAMILY = "1,2";
			};
			name = Debug;
		};
		BBCE04071EA7EFA000163D9F /* Release */ = {
			isa = XCBuildConfiguration;
			buildSettings = {
				ALWAYS_SEARCH_USER_PATHS = NO;
				CLANG_ANALYZER_NONNULL = YES;
				CLANG_ANALYZER_NUMBER_OBJECT_CONVERSION = YES_AGGRESSIVE;
				CLANG_CXX_LANGUAGE_STANDARD = "gnu++0x";
				CLANG_CXX_LIBRARY = "libc++";
				CLANG_ENABLE_MODULES = YES;
				CLANG_ENABLE_OBJC_ARC = YES;
				CLANG_WARN_BOOL_CONVERSION = YES;
				CLANG_WARN_CONSTANT_CONVERSION = YES;
				CLANG_WARN_DIRECT_OBJC_ISA_USAGE = YES_ERROR;
				CLANG_WARN_DOCUMENTATION_COMMENTS = YES;
				CLANG_WARN_EMPTY_BODY = YES;
				CLANG_WARN_ENUM_CONVERSION = YES;
				CLANG_WARN_INFINITE_RECURSION = YES;
				CLANG_WARN_INT_CONVERSION = YES;
				CLANG_WARN_OBJC_ROOT_CLASS = YES_ERROR;
				CLANG_WARN_SUSPICIOUS_MOVE = YES;
				CLANG_WARN_UNREACHABLE_CODE = YES;
				CLANG_WARN__DUPLICATE_METHOD_MATCH = YES;
				"CODE_SIGN_IDENTITY[sdk=iphoneos*]" = "iPhone Developer";
				COPY_PHASE_STRIP = NO;
				DEBUG_INFORMATION_FORMAT = "dwarf-with-dsym";
				ENABLE_NS_ASSERTIONS = NO;
				ENABLE_STRICT_OBJC_MSGSEND = YES;
				GCC_C_LANGUAGE_STANDARD = gnu99;
				GCC_NO_COMMON_BLOCKS = YES;
				GCC_WARN_64_TO_32_BIT_CONVERSION = YES;
				GCC_WARN_ABOUT_RETURN_TYPE = YES_ERROR;
				GCC_WARN_UNDECLARED_SELECTOR = YES;
				GCC_WARN_UNINITIALIZED_AUTOS = YES_AGGRESSIVE;
				GCC_WARN_UNUSED_FUNCTION = YES;
				GCC_WARN_UNUSED_VARIABLE = YES;
				IPHONEOS_DEPLOYMENT_TARGET = 10.3;
				MTL_ENABLE_DEBUG_INFO = NO;
				SDKROOT = iphoneos;
				SWIFT_OPTIMIZATION_LEVEL = "-Owholemodule";
				TARGETED_DEVICE_FAMILY = "1,2";
				VALIDATE_PRODUCT = YES;
			};
			name = Release;
		};
		BBCE04091EA7EFA000163D9F /* Debug */ = {
			isa = XCBuildConfiguration;
			baseConfigurationReference = 170C032A402576D92CF6DF74 /* Pods-RxTest.debug.xcconfig */;
			buildSettings = {
				ALWAYS_EMBED_SWIFT_STANDARD_LIBRARIES = YES;
				ASSETCATALOG_COMPILER_APPICON_NAME = AppIcon;
				DEVELOPMENT_TEAM = 3DXVVRFL39;
				INFOPLIST_FILE = RxTest/Info.plist;
				LD_RUNPATH_SEARCH_PATHS = "$(inherited) @executable_path/Frameworks";
				PRODUCT_BUNDLE_IDENTIFIER = com.ivensdenner.RxTest;
				PRODUCT_NAME = "$(TARGET_NAME)";
				SWIFT_VERSION = 3.0;
			};
			name = Debug;
		};
		BBCE040A1EA7EFA000163D9F /* Release */ = {
			isa = XCBuildConfiguration;
			baseConfigurationReference = 2D496DF5B7C913CD312553AA /* Pods-RxTest.release.xcconfig */;
			buildSettings = {
				ALWAYS_EMBED_SWIFT_STANDARD_LIBRARIES = YES;
				ASSETCATALOG_COMPILER_APPICON_NAME = AppIcon;
				DEVELOPMENT_TEAM = 3DXVVRFL39;
				INFOPLIST_FILE = RxTest/Info.plist;
				LD_RUNPATH_SEARCH_PATHS = "$(inherited) @executable_path/Frameworks";
				PRODUCT_BUNDLE_IDENTIFIER = com.ivensdenner.RxTest;
				PRODUCT_NAME = "$(TARGET_NAME)";
				SWIFT_VERSION = 3.0;
			};
			name = Release;
		};
/* End XCBuildConfiguration section */

/* Begin XCConfigurationList section */
		BBCE03F11EA7EFA000163D9F /* Build configuration list for PBXProject "RxTest" */ = {
			isa = XCConfigurationList;
			buildConfigurations = (
				BBCE04061EA7EFA000163D9F /* Debug */,
				BBCE04071EA7EFA000163D9F /* Release */,
			);
			defaultConfigurationIsVisible = 0;
			defaultConfigurationName = Release;
		};
		BBCE04081EA7EFA000163D9F /* Build configuration list for PBXNativeTarget "RxTest" */ = {
			isa = XCConfigurationList;
			buildConfigurations = (
				BBCE04091EA7EFA000163D9F /* Debug */,
				BBCE040A1EA7EFA000163D9F /* Release */,
			);
			defaultConfigurationIsVisible = 0;
			defaultConfigurationName = Release;
		};
/* End XCConfigurationList section */
	};
	rootObject = BBCE03EE1EA7EFA000163D9F /* Project object */;
}
